// !$*UTF8*$!
{
	archiveVersion = 1;
	classes = {
	};
	objectVersion = 46;
	objects = {

/* Begin PBXBuildFile section */
		22300FBA1EF5CE5C0021B640 /* MovieModel.swift in Sources */ = {isa = PBXBuildFile; fileRef = 22300FB91EF5CE5C0021B640 /* MovieModel.swift */; };
		22300FBC1EF70BBD0021B640 /* UpcomingMoviesCollectionViewCell.swift in Sources */ = {isa = PBXBuildFile; fileRef = 22300FBB1EF70BBD0021B640 /* UpcomingMoviesCollectionViewCell.swift */; };
		22300FBE1EF70BF40021B640 /* UpcomingMoviesTableViewCell.swift in Sources */ = {isa = PBXBuildFile; fileRef = 22300FBD1EF70BF40021B640 /* UpcomingMoviesTableViewCell.swift */; };
		413722831EE0A4EA00634980 /* AppDelegate.swift in Sources */ = {isa = PBXBuildFile; fileRef = 413722821EE0A4EA00634980 /* AppDelegate.swift */; };
		413722851EE0A4EA00634980 /* ViewController.swift in Sources */ = {isa = PBXBuildFile; fileRef = 413722841EE0A4EA00634980 /* ViewController.swift */; };
		413722881EE0A4EA00634980 /* Main.storyboard in Resources */ = {isa = PBXBuildFile; fileRef = 413722861EE0A4EA00634980 /* Main.storyboard */; };
		4137228A1EE0A4EA00634980 /* Assets.xcassets in Resources */ = {isa = PBXBuildFile; fileRef = 413722891EE0A4EA00634980 /* Assets.xcassets */; };
		4137228D1EE0A4EA00634980 /* LaunchScreen.storyboard in Resources */ = {isa = PBXBuildFile; fileRef = 4137228B1EE0A4EA00634980 /* LaunchScreen.storyboard */; };
		413722981EE0A4EA00634980 /* TheMovieDBTests.swift in Sources */ = {isa = PBXBuildFile; fileRef = 413722971EE0A4EA00634980 /* TheMovieDBTests.swift */; };
		413722A31EE0A4EA00634980 /* TheMovieDBUITests.swift in Sources */ = {isa = PBXBuildFile; fileRef = 413722A21EE0A4EA00634980 /* TheMovieDBUITests.swift */; };
		41A6E5881EF4818E00380024 /* CurrentMoviesCollectionViewCell.swift in Sources */ = {isa = PBXBuildFile; fileRef = 41A6E5871EF4818E00380024 /* CurrentMoviesCollectionViewCell.swift */; };
		41A6E58A1EF4986E00380024 /* CurrentMoviesTableViewCell.swift in Sources */ = {isa = PBXBuildFile; fileRef = 41A6E5891EF4986E00380024 /* CurrentMoviesTableViewCell.swift */; };
		41A6E58F1EF49D7200380024 /* Movie.swift in Sources */ = {isa = PBXBuildFile; fileRef = 41A6E58E1EF49D7200380024 /* Movie.swift */; };
		41A6E5911EF49DB300380024 /* Actor.swift in Sources */ = {isa = PBXBuildFile; fileRef = 41A6E5901EF49DB300380024 /* Actor.swift */; };
		41A6E5931EF59D6500380024 /* HomeViewController.swift in Sources */ = {isa = PBXBuildFile; fileRef = 41A6E5921EF59D6500380024 /* HomeViewController.swift */; };
		9103F2001EF9D0AA0083884B /* UIViewExtension.swift in Sources */ = {isa = PBXBuildFile; fileRef = 9103F1FF1EF9D0AA0083884B /* UIViewExtension.swift */; };
		9103F2031EF9D2970083884B /* WatchedCollectionViewCell.swift in Sources */ = {isa = PBXBuildFile; fileRef = 9103F2011EF9D2970083884B /* WatchedCollectionViewCell.swift */; };
		9103F2041EF9D2970083884B /* WatchedViewController.swift in Sources */ = {isa = PBXBuildFile; fileRef = 9103F2021EF9D2970083884B /* WatchedViewController.swift */; };
		911F5E751EF8BDF800DFBEED /* CastCollectionViewCell.swift in Sources */ = {isa = PBXBuildFile; fileRef = 911F5E6E1EF8BDF800DFBEED /* CastCollectionViewCell.swift */; };
		911F5E761EF8BDF800DFBEED /* CastDetailTableViewCell.swift in Sources */ = {isa = PBXBuildFile; fileRef = 911F5E6F1EF8BDF800DFBEED /* CastDetailTableViewCell.swift */; };
		911F5E771EF8BDF800DFBEED /* DescriptionDetailTableViewCell.swift in Sources */ = {isa = PBXBuildFile; fileRef = 911F5E701EF8BDF800DFBEED /* DescriptionDetailTableViewCell.swift */; };
		911F5E781EF8BDF800DFBEED /* DetailViewController.swift in Sources */ = {isa = PBXBuildFile; fileRef = 911F5E711EF8BDF800DFBEED /* DetailViewController.swift */; };
		911F5E791EF8BDF800DFBEED /* HeaderDetailTableViewCell.swift in Sources */ = {isa = PBXBuildFile; fileRef = 911F5E721EF8BDF800DFBEED /* HeaderDetailTableViewCell.swift */; };
		911F5E7A1EF8BDF800DFBEED /* VideoDetailTableViewCell.swift in Sources */ = {isa = PBXBuildFile; fileRef = 911F5E731EF8BDF800DFBEED /* VideoDetailTableViewCell.swift */; };
		911F5E7B1EF8BDF800DFBEED /* WatchDetailTableViewCell.swift in Sources */ = {isa = PBXBuildFile; fileRef = 911F5E741EF8BDF800DFBEED /* WatchDetailTableViewCell.swift */; };
		91EC6CD01EF805A7007E5A66 /* PopularMoviesTableViewCell.swift in Sources */ = {isa = PBXBuildFile; fileRef = 91EC6CCF1EF805A7007E5A66 /* PopularMoviesTableViewCell.swift */; };
		91EC6CD21EF805E2007E5A66 /* PopularMoviesCollectionViewCell.swift in Sources */ = {isa = PBXBuildFile; fileRef = 91EC6CD11EF805E2007E5A66 /* PopularMoviesCollectionViewCell.swift */; };
/* End PBXBuildFile section */

/* Begin PBXContainerItemProxy section */
		413722941EE0A4EA00634980 /* PBXContainerItemProxy */ = {
			isa = PBXContainerItemProxy;
			containerPortal = 413722771EE0A4EA00634980 /* Project object */;
			proxyType = 1;
			remoteGlobalIDString = 4137227E1EE0A4EA00634980;
			remoteInfo = TheMovieDB;
		};
		4137229F1EE0A4EA00634980 /* PBXContainerItemProxy */ = {
			isa = PBXContainerItemProxy;
			containerPortal = 413722771EE0A4EA00634980 /* Project object */;
			proxyType = 1;
			remoteGlobalIDString = 4137227E1EE0A4EA00634980;
			remoteInfo = TheMovieDB;
		};
/* End PBXContainerItemProxy section */

/* Begin PBXFileReference section */
		22300FB91EF5CE5C0021B640 /* MovieModel.swift */ = {isa = PBXFileReference; fileEncoding = 4; lastKnownFileType = sourcecode.swift; path = MovieModel.swift; sourceTree = "<group>"; };
		22300FBB1EF70BBD0021B640 /* UpcomingMoviesCollectionViewCell.swift */ = {isa = PBXFileReference; fileEncoding = 4; lastKnownFileType = sourcecode.swift; path = UpcomingMoviesCollectionViewCell.swift; sourceTree = "<group>"; };
		22300FBD1EF70BF40021B640 /* UpcomingMoviesTableViewCell.swift */ = {isa = PBXFileReference; fileEncoding = 4; lastKnownFileType = sourcecode.swift; path = UpcomingMoviesTableViewCell.swift; sourceTree = "<group>"; };
		4137227F1EE0A4EA00634980 /* TheMovieDB.app */ = {isa = PBXFileReference; explicitFileType = wrapper.application; includeInIndex = 0; path = TheMovieDB.app; sourceTree = BUILT_PRODUCTS_DIR; };
		413722821EE0A4EA00634980 /* AppDelegate.swift */ = {isa = PBXFileReference; lastKnownFileType = sourcecode.swift; path = AppDelegate.swift; sourceTree = "<group>"; };
		413722841EE0A4EA00634980 /* ViewController.swift */ = {isa = PBXFileReference; lastKnownFileType = sourcecode.swift; path = ViewController.swift; sourceTree = "<group>"; };
		413722871EE0A4EA00634980 /* Base */ = {isa = PBXFileReference; lastKnownFileType = file.storyboard; name = Base; path = Base.lproj/Main.storyboard; sourceTree = "<group>"; };
		413722891EE0A4EA00634980 /* Assets.xcassets */ = {isa = PBXFileReference; lastKnownFileType = folder.assetcatalog; path = Assets.xcassets; sourceTree = "<group>"; };
		4137228C1EE0A4EA00634980 /* Base */ = {isa = PBXFileReference; lastKnownFileType = file.storyboard; name = Base; path = Base.lproj/LaunchScreen.storyboard; sourceTree = "<group>"; };
		4137228E1EE0A4EA00634980 /* Info.plist */ = {isa = PBXFileReference; lastKnownFileType = text.plist.xml; path = Info.plist; sourceTree = "<group>"; };
		413722931EE0A4EA00634980 /* TheMovieDBTests.xctest */ = {isa = PBXFileReference; explicitFileType = wrapper.cfbundle; includeInIndex = 0; path = TheMovieDBTests.xctest; sourceTree = BUILT_PRODUCTS_DIR; };
		413722971EE0A4EA00634980 /* TheMovieDBTests.swift */ = {isa = PBXFileReference; lastKnownFileType = sourcecode.swift; path = TheMovieDBTests.swift; sourceTree = "<group>"; };
		413722991EE0A4EA00634980 /* Info.plist */ = {isa = PBXFileReference; lastKnownFileType = text.plist.xml; path = Info.plist; sourceTree = "<group>"; };
		4137229E1EE0A4EA00634980 /* TheMovieDBUITests.xctest */ = {isa = PBXFileReference; explicitFileType = wrapper.cfbundle; includeInIndex = 0; path = TheMovieDBUITests.xctest; sourceTree = BUILT_PRODUCTS_DIR; };
		413722A21EE0A4EA00634980 /* TheMovieDBUITests.swift */ = {isa = PBXFileReference; lastKnownFileType = sourcecode.swift; path = TheMovieDBUITests.swift; sourceTree = "<group>"; };
		413722A41EE0A4EB00634980 /* Info.plist */ = {isa = PBXFileReference; lastKnownFileType = text.plist.xml; path = Info.plist; sourceTree = "<group>"; };
		41A6E5871EF4818E00380024 /* CurrentMoviesCollectionViewCell.swift */ = {isa = PBXFileReference; fileEncoding = 4; lastKnownFileType = sourcecode.swift; path = CurrentMoviesCollectionViewCell.swift; sourceTree = "<group>"; };
		41A6E5891EF4986E00380024 /* CurrentMoviesTableViewCell.swift */ = {isa = PBXFileReference; fileEncoding = 4; lastKnownFileType = sourcecode.swift; path = CurrentMoviesTableViewCell.swift; sourceTree = "<group>"; };
		41A6E58E1EF49D7200380024 /* Movie.swift */ = {isa = PBXFileReference; fileEncoding = 4; lastKnownFileType = sourcecode.swift; path = Movie.swift; sourceTree = "<group>"; };
		41A6E5901EF49DB300380024 /* Actor.swift */ = {isa = PBXFileReference; fileEncoding = 4; lastKnownFileType = sourcecode.swift; path = Actor.swift; sourceTree = "<group>"; };
		41A6E5921EF59D6500380024 /* HomeViewController.swift */ = {isa = PBXFileReference; fileEncoding = 4; lastKnownFileType = sourcecode.swift; path = HomeViewController.swift; sourceTree = "<group>"; };
		9103F1FF1EF9D0AA0083884B /* UIViewExtension.swift */ = {isa = PBXFileReference; fileEncoding = 4; lastKnownFileType = sourcecode.swift; path = UIViewExtension.swift; sourceTree = "<group>"; };
		9103F2011EF9D2970083884B /* WatchedCollectionViewCell.swift */ = {isa = PBXFileReference; fileEncoding = 4; lastKnownFileType = sourcecode.swift; path = WatchedCollectionViewCell.swift; sourceTree = "<group>"; };
		9103F2021EF9D2970083884B /* WatchedViewController.swift */ = {isa = PBXFileReference; fileEncoding = 4; lastKnownFileType = sourcecode.swift; path = WatchedViewController.swift; sourceTree = "<group>"; };
		911F5E6E1EF8BDF800DFBEED /* CastCollectionViewCell.swift */ = {isa = PBXFileReference; fileEncoding = 4; lastKnownFileType = sourcecode.swift; path = CastCollectionViewCell.swift; sourceTree = "<group>"; };
		911F5E6F1EF8BDF800DFBEED /* CastDetailTableViewCell.swift */ = {isa = PBXFileReference; fileEncoding = 4; lastKnownFileType = sourcecode.swift; path = CastDetailTableViewCell.swift; sourceTree = "<group>"; };
		911F5E701EF8BDF800DFBEED /* DescriptionDetailTableViewCell.swift */ = {isa = PBXFileReference; fileEncoding = 4; lastKnownFileType = sourcecode.swift; path = DescriptionDetailTableViewCell.swift; sourceTree = "<group>"; };
		911F5E711EF8BDF800DFBEED /* DetailViewController.swift */ = {isa = PBXFileReference; fileEncoding = 4; lastKnownFileType = sourcecode.swift; path = DetailViewController.swift; sourceTree = "<group>"; };
		911F5E721EF8BDF800DFBEED /* HeaderDetailTableViewCell.swift */ = {isa = PBXFileReference; fileEncoding = 4; lastKnownFileType = sourcecode.swift; path = HeaderDetailTableViewCell.swift; sourceTree = "<group>"; };
		911F5E731EF8BDF800DFBEED /* VideoDetailTableViewCell.swift */ = {isa = PBXFileReference; fileEncoding = 4; lastKnownFileType = sourcecode.swift; path = VideoDetailTableViewCell.swift; sourceTree = "<group>"; };
		911F5E741EF8BDF800DFBEED /* WatchDetailTableViewCell.swift */ = {isa = PBXFileReference; fileEncoding = 4; lastKnownFileType = sourcecode.swift; path = WatchDetailTableViewCell.swift; sourceTree = "<group>"; };
		91EC6CCF1EF805A7007E5A66 /* PopularMoviesTableViewCell.swift */ = {isa = PBXFileReference; fileEncoding = 4; lastKnownFileType = sourcecode.swift; path = PopularMoviesTableViewCell.swift; sourceTree = "<group>"; };
		91EC6CD11EF805E2007E5A66 /* PopularMoviesCollectionViewCell.swift */ = {isa = PBXFileReference; fileEncoding = 4; lastKnownFileType = sourcecode.swift; path = PopularMoviesCollectionViewCell.swift; sourceTree = "<group>"; };
/* End PBXFileReference section */

/* Begin PBXFrameworksBuildPhase section */
		4137227C1EE0A4EA00634980 /* Frameworks */ = {
			isa = PBXFrameworksBuildPhase;
			buildActionMask = 2147483647;
			files = (
			);
			runOnlyForDeploymentPostprocessing = 0;
		};
		413722901EE0A4EA00634980 /* Frameworks */ = {
			isa = PBXFrameworksBuildPhase;
			buildActionMask = 2147483647;
			files = (
			);
			runOnlyForDeploymentPostprocessing = 0;
		};
		4137229B1EE0A4EA00634980 /* Frameworks */ = {
			isa = PBXFrameworksBuildPhase;
			buildActionMask = 2147483647;
			files = (
			);
			runOnlyForDeploymentPostprocessing = 0;
		};
/* End PBXFrameworksBuildPhase section */

/* Begin PBXGroup section */
		413722761EE0A4EA00634980 = {
			isa = PBXGroup;
			children = (
				413722811EE0A4EA00634980 /* TheMovieDB */,
				413722961EE0A4EA00634980 /* TheMovieDBTests */,
				413722A11EE0A4EA00634980 /* TheMovieDBUITests */,
				413722801EE0A4EA00634980 /* Products */,
			);
			sourceTree = "<group>";
		};
		413722801EE0A4EA00634980 /* Products */ = {
			isa = PBXGroup;
			children = (
				4137227F1EE0A4EA00634980 /* TheMovieDB.app */,
				413722931EE0A4EA00634980 /* TheMovieDBTests.xctest */,
				4137229E1EE0A4EA00634980 /* TheMovieDBUITests.xctest */,
			);
			name = Products;
			sourceTree = "<group>";
		};
		413722811EE0A4EA00634980 /* TheMovieDB */ = {
			isa = PBXGroup;
			children = (
				41A6E5941EF59D8700380024 /* Resources */,
				41A6E58D1EF49D0500380024 /* Controller */,
				41A6E58C1EF49CFA00380024 /* View */,
				41A6E58B1EF49CF400380024 /* Model */,
				9103F1FF1EF9D0AA0083884B /* UIViewExtension.swift */,
			);
			path = TheMovieDB;
			sourceTree = "<group>";
		};
		413722961EE0A4EA00634980 /* TheMovieDBTests */ = {
			isa = PBXGroup;
			children = (
				413722971EE0A4EA00634980 /* TheMovieDBTests.swift */,
				413722991EE0A4EA00634980 /* Info.plist */,
			);
			path = TheMovieDBTests;
			sourceTree = "<group>";
		};
		413722A11EE0A4EA00634980 /* TheMovieDBUITests */ = {
			isa = PBXGroup;
			children = (
				413722A21EE0A4EA00634980 /* TheMovieDBUITests.swift */,
				413722A41EE0A4EB00634980 /* Info.plist */,
			);
			path = TheMovieDBUITests;
			sourceTree = "<group>";
		};
		41A6E58B1EF49CF400380024 /* Model */ = {
			isa = PBXGroup;
			children = (
				22300FB91EF5CE5C0021B640 /* MovieModel.swift */,
				41A6E58E1EF49D7200380024 /* Movie.swift */,
				41A6E5901EF49DB300380024 /* Actor.swift */,
			);
			name = Model;
			sourceTree = "<group>";
		};
		41A6E58C1EF49CFA00380024 /* View */ = {
			isa = PBXGroup;
			children = (
				413722861EE0A4EA00634980 /* Main.storyboard */,
				4137228B1EE0A4EA00634980 /* LaunchScreen.storyboard */,
				413722821EE0A4EA00634980 /* AppDelegate.swift */,
			);
			name = View;
			sourceTree = "<group>";
		};
		41A6E58D1EF49D0500380024 /* Controller */ = {
			isa = PBXGroup;
			children = (
				9103F2011EF9D2970083884B /* WatchedCollectionViewCell.swift */,
				9103F2021EF9D2970083884B /* WatchedViewController.swift */,
				911F5E6E1EF8BDF800DFBEED /* CastCollectionViewCell.swift */,
				911F5E6F1EF8BDF800DFBEED /* CastDetailTableViewCell.swift */,
				911F5E701EF8BDF800DFBEED /* DescriptionDetailTableViewCell.swift */,
				911F5E711EF8BDF800DFBEED /* DetailViewController.swift */,
				911F5E721EF8BDF800DFBEED /* HeaderDetailTableViewCell.swift */,
				911F5E731EF8BDF800DFBEED /* VideoDetailTableViewCell.swift */,
				911F5E741EF8BDF800DFBEED /* WatchDetailTableViewCell.swift */,
				413722841EE0A4EA00634980 /* ViewController.swift */,
				41A6E5891EF4986E00380024 /* CurrentMoviesTableViewCell.swift */,
				41A6E5871EF4818E00380024 /* CurrentMoviesCollectionViewCell.swift */,
				22300FBD1EF70BF40021B640 /* UpcomingMoviesTableViewCell.swift */,
				91EC6CCF1EF805A7007E5A66 /* PopularMoviesTableViewCell.swift */,
				91EC6CD11EF805E2007E5A66 /* PopularMoviesCollectionViewCell.swift */,
				22300FBB1EF70BBD0021B640 /* UpcomingMoviesCollectionViewCell.swift */,
				41A6E5921EF59D6500380024 /* HomeViewController.swift */,
			);
			name = Controller;
			sourceTree = "<group>";
		};
		41A6E5941EF59D8700380024 /* Resources */ = {
			isa = PBXGroup;
			children = (
				413722891EE0A4EA00634980 /* Assets.xcassets */,
				4137228E1EE0A4EA00634980 /* Info.plist */,
			);
			name = Resources;
			sourceTree = "<group>";
		};
/* End PBXGroup section */

/* Begin PBXNativeTarget section */
		4137227E1EE0A4EA00634980 /* TheMovieDB */ = {
			isa = PBXNativeTarget;
			buildConfigurationList = 413722A71EE0A4EB00634980 /* Build configuration list for PBXNativeTarget "TheMovieDB" */;
			buildPhases = (
				4137227B1EE0A4EA00634980 /* Sources */,
				4137227C1EE0A4EA00634980 /* Frameworks */,
				4137227D1EE0A4EA00634980 /* Resources */,
			);
			buildRules = (
			);
			dependencies = (
			);
			name = TheMovieDB;
			productName = TheMovieDB;
			productReference = 4137227F1EE0A4EA00634980 /* TheMovieDB.app */;
			productType = "com.apple.product-type.application";
		};
		413722921EE0A4EA00634980 /* TheMovieDBTests */ = {
			isa = PBXNativeTarget;
			buildConfigurationList = 413722AA1EE0A4EB00634980 /* Build configuration list for PBXNativeTarget "TheMovieDBTests" */;
			buildPhases = (
				4137228F1EE0A4EA00634980 /* Sources */,
				413722901EE0A4EA00634980 /* Frameworks */,
				413722911EE0A4EA00634980 /* Resources */,
			);
			buildRules = (
			);
			dependencies = (
				413722951EE0A4EA00634980 /* PBXTargetDependency */,
			);
			name = TheMovieDBTests;
			productName = TheMovieDBTests;
			productReference = 413722931EE0A4EA00634980 /* TheMovieDBTests.xctest */;
			productType = "com.apple.product-type.bundle.unit-test";
		};
		4137229D1EE0A4EA00634980 /* TheMovieDBUITests */ = {
			isa = PBXNativeTarget;
			buildConfigurationList = 413722AD1EE0A4EB00634980 /* Build configuration list for PBXNativeTarget "TheMovieDBUITests" */;
			buildPhases = (
				4137229A1EE0A4EA00634980 /* Sources */,
				4137229B1EE0A4EA00634980 /* Frameworks */,
				4137229C1EE0A4EA00634980 /* Resources */,
			);
			buildRules = (
			);
			dependencies = (
				413722A01EE0A4EA00634980 /* PBXTargetDependency */,
			);
			name = TheMovieDBUITests;
			productName = TheMovieDBUITests;
			productReference = 4137229E1EE0A4EA00634980 /* TheMovieDBUITests.xctest */;
			productType = "com.apple.product-type.bundle.ui-testing";
		};
/* End PBXNativeTarget section */

/* Begin PBXProject section */
		413722771EE0A4EA00634980 /* Project object */ = {
			isa = PBXProject;
			attributes = {
				LastSwiftUpdateCheck = 0830;
				LastUpgradeCheck = 0830;
				ORGANIZATIONNAME = "Rodrigo Pacheco";
				TargetAttributes = {
					4137227E1EE0A4EA00634980 = {
						CreatedOnToolsVersion = 8.3.2;
						DevelopmentTeam = 3V4WKADE8S;
						ProvisioningStyle = Automatic;
					};
					413722921EE0A4EA00634980 = {
						CreatedOnToolsVersion = 8.3.2;
						ProvisioningStyle = Automatic;
						TestTargetID = 4137227E1EE0A4EA00634980;
					};
					4137229D1EE0A4EA00634980 = {
						CreatedOnToolsVersion = 8.3.2;
						ProvisioningStyle = Automatic;
						TestTargetID = 4137227E1EE0A4EA00634980;
					};
				};
			};
			buildConfigurationList = 4137227A1EE0A4EA00634980 /* Build configuration list for PBXProject "TheMovieDB" */;
			compatibilityVersion = "Xcode 3.2";
			developmentRegion = English;
			hasScannedForEncodings = 0;
			knownRegions = (
				en,
				Base,
			);
			mainGroup = 413722761EE0A4EA00634980;
			productRefGroup = 413722801EE0A4EA00634980 /* Products */;
			projectDirPath = "";
			projectRoot = "";
			targets = (
				4137227E1EE0A4EA00634980 /* TheMovieDB */,
				413722921EE0A4EA00634980 /* TheMovieDBTests */,
				4137229D1EE0A4EA00634980 /* TheMovieDBUITests */,
			);
		};
/* End PBXProject section */

/* Begin PBXResourcesBuildPhase section */
		4137227D1EE0A4EA00634980 /* Resources */ = {
			isa = PBXResourcesBuildPhase;
			buildActionMask = 2147483647;
			files = (
				4137228D1EE0A4EA00634980 /* LaunchScreen.storyboard in Resources */,
				4137228A1EE0A4EA00634980 /* Assets.xcassets in Resources */,
				413722881EE0A4EA00634980 /* Main.storyboard in Resources */,
			);
			runOnlyForDeploymentPostprocessing = 0;
		};
		413722911EE0A4EA00634980 /* Resources */ = {
			isa = PBXResourcesBuildPhase;
			buildActionMask = 2147483647;
			files = (
			);
			runOnlyForDeploymentPostprocessing = 0;
		};
		4137229C1EE0A4EA00634980 /* Resources */ = {
			isa = PBXResourcesBuildPhase;
			buildActionMask = 2147483647;
			files = (
			);
			runOnlyForDeploymentPostprocessing = 0;
		};
/* End PBXResourcesBuildPhase section */

/* Begin PBXSourcesBuildPhase section */
		4137227B1EE0A4EA00634980 /* Sources */ = {
			isa = PBXSourcesBuildPhase;
			buildActionMask = 2147483647;
			files = (
				41A6E58A1EF4986E00380024 /* CurrentMoviesTableViewCell.swift in Sources */,
				9103F2041EF9D2970083884B /* WatchedViewController.swift in Sources */,
				911F5E751EF8BDF800DFBEED /* CastCollectionViewCell.swift in Sources */,
				911F5E7A1EF8BDF800DFBEED /* VideoDetailTableViewCell.swift in Sources */,
				413722851EE0A4EA00634980 /* ViewController.swift in Sources */,
				9103F2031EF9D2970083884B /* WatchedCollectionViewCell.swift in Sources */,
				41A6E5881EF4818E00380024 /* CurrentMoviesCollectionViewCell.swift in Sources */,
				91EC6CD01EF805A7007E5A66 /* PopularMoviesTableViewCell.swift in Sources */,
				22300FBE1EF70BF40021B640 /* UpcomingMoviesTableViewCell.swift in Sources */,
				41A6E5911EF49DB300380024 /* Actor.swift in Sources */,
				911F5E791EF8BDF800DFBEED /* HeaderDetailTableViewCell.swift in Sources */,
				911F5E781EF8BDF800DFBEED /* DetailViewController.swift in Sources */,
				9103F2001EF9D0AA0083884B /* UIViewExtension.swift in Sources */,
				22300FBA1EF5CE5C0021B640 /* MovieModel.swift in Sources */,
				413722831EE0A4EA00634980 /* AppDelegate.swift in Sources */,
				22300FBC1EF70BBD0021B640 /* UpcomingMoviesCollectionViewCell.swift in Sources */,
				91EC6CD21EF805E2007E5A66 /* PopularMoviesCollectionViewCell.swift in Sources */,
				911F5E771EF8BDF800DFBEED /* DescriptionDetailTableViewCell.swift in Sources */,
				911F5E7B1EF8BDF800DFBEED /* WatchDetailTableViewCell.swift in Sources */,
				41A6E5931EF59D6500380024 /* HomeViewController.swift in Sources */,
				41A6E58F1EF49D7200380024 /* Movie.swift in Sources */,
				911F5E761EF8BDF800DFBEED /* CastDetailTableViewCell.swift in Sources */,
			);
			runOnlyForDeploymentPostprocessing = 0;
		};
		4137228F1EE0A4EA00634980 /* Sources */ = {
			isa = PBXSourcesBuildPhase;
			buildActionMask = 2147483647;
			files = (
				413722981EE0A4EA00634980 /* TheMovieDBTests.swift in Sources */,
			);
			runOnlyForDeploymentPostprocessing = 0;
		};
		4137229A1EE0A4EA00634980 /* Sources */ = {
			isa = PBXSourcesBuildPhase;
			buildActionMask = 2147483647;
			files = (
				413722A31EE0A4EA00634980 /* TheMovieDBUITests.swift in Sources */,
			);
			runOnlyForDeploymentPostprocessing = 0;
		};
/* End PBXSourcesBuildPhase section */

/* Begin PBXTargetDependency section */
		413722951EE0A4EA00634980 /* PBXTargetDependency */ = {
			isa = PBXTargetDependency;
			target = 4137227E1EE0A4EA00634980 /* TheMovieDB */;
			targetProxy = 413722941EE0A4EA00634980 /* PBXContainerItemProxy */;
		};
		413722A01EE0A4EA00634980 /* PBXTargetDependency */ = {
			isa = PBXTargetDependency;
			target = 4137227E1EE0A4EA00634980 /* TheMovieDB */;
			targetProxy = 4137229F1EE0A4EA00634980 /* PBXContainerItemProxy */;
		};
/* End PBXTargetDependency section */

/* Begin PBXVariantGroup section */
		413722861EE0A4EA00634980 /* Main.storyboard */ = {
			isa = PBXVariantGroup;
			children = (
				413722871EE0A4EA00634980 /* Base */,
			);
			name = Main.storyboard;
			sourceTree = "<group>";
		};
		4137228B1EE0A4EA00634980 /* LaunchScreen.storyboard */ = {
			isa = PBXVariantGroup;
			children = (
				4137228C1EE0A4EA00634980 /* Base */,
			);
			name = LaunchScreen.storyboard;
			sourceTree = "<group>";
		};
/* End PBXVariantGroup section */

/* Begin XCBuildConfiguration section */
		413722A51EE0A4EB00634980 /* Debug */ = {
			isa = XCBuildConfiguration;
			buildSettings = {
				ALWAYS_SEARCH_USER_PATHS = NO;
				CLANG_ANALYZER_NONNULL = YES;
				CLANG_ANALYZER_NUMBER_OBJECT_CONVERSION = YES_AGGRESSIVE;
				CLANG_CXX_LANGUAGE_STANDARD = "gnu++0x";
				CLANG_CXX_LIBRARY = "libc++";
				CLANG_ENABLE_MODULES = YES;
				CLANG_ENABLE_OBJC_ARC = YES;
				CLANG_WARN_BOOL_CONVERSION = YES;
				CLANG_WARN_CONSTANT_CONVERSION = YES;
				CLANG_WARN_DIRECT_OBJC_ISA_USAGE = YES_ERROR;
				CLANG_WARN_DOCUMENTATION_COMMENTS = YES;
				CLANG_WARN_EMPTY_BODY = YES;
				CLANG_WARN_ENUM_CONVERSION = YES;
				CLANG_WARN_INFINITE_RECURSION = YES;
				CLANG_WARN_INT_CONVERSION = YES;
				CLANG_WARN_OBJC_ROOT_CLASS = YES_ERROR;
				CLANG_WARN_SUSPICIOUS_MOVE = YES;
				CLANG_WARN_UNREACHABLE_CODE = YES;
				CLANG_WARN__DUPLICATE_METHOD_MATCH = YES;
				"CODE_SIGN_IDENTITY[sdk=iphoneos*]" = "iPhone Developer";
				COPY_PHASE_STRIP = NO;
				DEBUG_INFORMATION_FORMAT = dwarf;
				ENABLE_STRICT_OBJC_MSGSEND = YES;
				ENABLE_TESTABILITY = YES;
				GCC_C_LANGUAGE_STANDARD = gnu99;
				GCC_DYNAMIC_NO_PIC = NO;
				GCC_NO_COMMON_BLOCKS = YES;
				GCC_OPTIMIZATION_LEVEL = 0;
				GCC_PREPROCESSOR_DEFINITIONS = (
					"DEBUG=1",
					"$(inherited)",
				);
				GCC_WARN_64_TO_32_BIT_CONVERSION = YES;
				GCC_WARN_ABOUT_RETURN_TYPE = YES_ERROR;
				GCC_WARN_UNDECLARED_SELECTOR = YES;
				GCC_WARN_UNINITIALIZED_AUTOS = YES_AGGRESSIVE;
				GCC_WARN_UNUSED_FUNCTION = YES;
				GCC_WARN_UNUSED_VARIABLE = YES;
				IPHONEOS_DEPLOYMENT_TARGET = 10.3;
				MTL_ENABLE_DEBUG_INFO = YES;
				ONLY_ACTIVE_ARCH = YES;
				SDKROOT = iphoneos;
				SWIFT_ACTIVE_COMPILATION_CONDITIONS = DEBUG;
				SWIFT_OPTIMIZATION_LEVEL = "-Onone";
				TARGETED_DEVICE_FAMILY = "1,2";
			};
			name = Debug;
		};
		413722A61EE0A4EB00634980 /* Release */ = {
			isa = XCBuildConfiguration;
			buildSettings = {
				ALWAYS_SEARCH_USER_PATHS = NO;
				CLANG_ANALYZER_NONNULL = YES;
				CLANG_ANALYZER_NUMBER_OBJECT_CONVERSION = YES_AGGRESSIVE;
				CLANG_CXX_LANGUAGE_STANDARD = "gnu++0x";
				CLANG_CXX_LIBRARY = "libc++";
				CLANG_ENABLE_MODULES = YES;
				CLANG_ENABLE_OBJC_ARC = YES;
				CLANG_WARN_BOOL_CONVERSION = YES;
				CLANG_WARN_CONSTANT_CONVERSION = YES;
				CLANG_WARN_DIRECT_OBJC_ISA_USAGE = YES_ERROR;
				CLANG_WARN_DOCUMENTATION_COMMENTS = YES;
				CLANG_WARN_EMPTY_BODY = YES;
				CLANG_WARN_ENUM_CONVERSION = YES;
				CLANG_WARN_INFINITE_RECURSION = YES;
				CLANG_WARN_INT_CONVERSION = YES;
				CLANG_WARN_OBJC_ROOT_CLASS = YES_ERROR;
				CLANG_WARN_SUSPICIOUS_MOVE = YES;
				CLANG_WARN_UNREACHABLE_CODE = YES;
				CLANG_WARN__DUPLICATE_METHOD_MATCH = YES;
				"CODE_SIGN_IDENTITY[sdk=iphoneos*]" = "iPhone Developer";
				COPY_PHASE_STRIP = NO;
				DEBUG_INFORMATION_FORMAT = "dwarf-with-dsym";
				ENABLE_NS_ASSERTIONS = NO;
				ENABLE_STRICT_OBJC_MSGSEND = YES;
				GCC_C_LANGUAGE_STANDARD = gnu99;
				GCC_NO_COMMON_BLOCKS = YES;
				GCC_WARN_64_TO_32_BIT_CONVERSION = YES;
				GCC_WARN_ABOUT_RETURN_TYPE = YES_ERROR;
				GCC_WARN_UNDECLARED_SELECTOR = YES;
				GCC_WARN_UNINITIALIZED_AUTOS = YES_AGGRESSIVE;
				GCC_WARN_UNUSED_FUNCTION = YES;
				GCC_WARN_UNUSED_VARIABLE = YES;
				IPHONEOS_DEPLOYMENT_TARGET = 10.3;
				MTL_ENABLE_DEBUG_INFO = NO;
				SDKROOT = iphoneos;
				SWIFT_OPTIMIZATION_LEVEL = "-Owholemodule";
				TARGETED_DEVICE_FAMILY = "1,2";
				VALIDATE_PRODUCT = YES;
			};
			name = Release;
		};
		413722A81EE0A4EB00634980 /* Debug */ = {
			isa = XCBuildConfiguration;
			buildSettings = {
				ASSETCATALOG_COMPILER_APPICON_NAME = AppIcon;
				DEVELOPMENT_TEAM = 3V4WKADE8S;
				INFOPLIST_FILE = TheMovieDB/Info.plist;
				LD_RUNPATH_SEARCH_PATHS = "$(inherited) @executable_path/Frameworks";
				PRODUCT_BUNDLE_IDENTIFIER = RP.TheMovieDB;
				PRODUCT_NAME = "$(TARGET_NAME)";
				SWIFT_VERSION = 3.0;
			};
			name = Debug;
		};
		413722A91EE0A4EB00634980 /* Release */ = {
			isa = XCBuildConfiguration;
			buildSettings = {
				ASSETCATALOG_COMPILER_APPICON_NAME = AppIcon;
				DEVELOPMENT_TEAM = 3V4WKADE8S;
				INFOPLIST_FILE = TheMovieDB/Info.plist;
				LD_RUNPATH_SEARCH_PATHS = "$(inherited) @executable_path/Frameworks";
				PRODUCT_BUNDLE_IDENTIFIER = RP.TheMovieDB;
				PRODUCT_NAME = "$(TARGET_NAME)";
				SWIFT_VERSION = 3.0;
			};
			name = Release;
		};
		413722AB1EE0A4EB00634980 /* Debug */ = {
			isa = XCBuildConfiguration;
			buildSettings = {
				ALWAYS_EMBED_SWIFT_STANDARD_LIBRARIES = YES;
				BUNDLE_LOADER = "$(TEST_HOST)";
				INFOPLIST_FILE = TheMovieDBTests/Info.plist;
				LD_RUNPATH_SEARCH_PATHS = "$(inherited) @executable_path/Frameworks @loader_path/Frameworks";
				PRODUCT_BUNDLE_IDENTIFIER = RP.TheMovieDBTests;
				PRODUCT_NAME = "$(TARGET_NAME)";
				SWIFT_VERSION = 3.0;
				TEST_HOST = "$(BUILT_PRODUCTS_DIR)/TheMovieDB.app/TheMovieDB";
			};
			name = Debug;
		};
		413722AC1EE0A4EB00634980 /* Release */ = {
			isa = XCBuildConfiguration;
			buildSettings = {
				ALWAYS_EMBED_SWIFT_STANDARD_LIBRARIES = YES;
				BUNDLE_LOADER = "$(TEST_HOST)";
				INFOPLIST_FILE = TheMovieDBTests/Info.plist;
				LD_RUNPATH_SEARCH_PATHS = "$(inherited) @executable_path/Frameworks @loader_path/Frameworks";
				PRODUCT_BUNDLE_IDENTIFIER = RP.TheMovieDBTests;
				PRODUCT_NAME = "$(TARGET_NAME)";
				SWIFT_VERSION = 3.0;
				TEST_HOST = "$(BUILT_PRODUCTS_DIR)/TheMovieDB.app/TheMovieDB";
			};
			name = Release;
		};
		413722AE1EE0A4EB00634980 /* Debug */ = {
			isa = XCBuildConfiguration;
			buildSettings = {
				ALWAYS_EMBED_SWIFT_STANDARD_LIBRARIES = YES;
				INFOPLIST_FILE = TheMovieDBUITests/Info.plist;
				LD_RUNPATH_SEARCH_PATHS = "$(inherited) @executable_path/Frameworks @loader_path/Frameworks";
				PRODUCT_BUNDLE_IDENTIFIER = RP.TheMovieDBUITests;
				PRODUCT_NAME = "$(TARGET_NAME)";
				SWIFT_VERSION = 3.0;
				TEST_TARGET_NAME = TheMovieDB;
			};
			name = Debug;
		};
		413722AF1EE0A4EB00634980 /* Release */ = {
			isa = XCBuildConfiguration;
			buildSettings = {
				ALWAYS_EMBED_SWIFT_STANDARD_LIBRARIES = YES;
				INFOPLIST_FILE = TheMovieDBUITests/Info.plist;
				LD_RUNPATH_SEARCH_PATHS = "$(inherited) @executable_path/Frameworks @loader_path/Frameworks";
				PRODUCT_BUNDLE_IDENTIFIER = RP.TheMovieDBUITests;
				PRODUCT_NAME = "$(TARGET_NAME)";
				SWIFT_VERSION = 3.0;
				TEST_TARGET_NAME = TheMovieDB;
			};
			name = Release;
		};
/* End XCBuildConfiguration section */

/* Begin XCConfigurationList section */
		4137227A1EE0A4EA00634980 /* Build configuration list for PBXProject "TheMovieDB" */ = {
			isa = XCConfigurationList;
			buildConfigurations = (
				413722A51EE0A4EB00634980 /* Debug */,
				413722A61EE0A4EB00634980 /* Release */,
			);
			defaultConfigurationIsVisible = 0;
			defaultConfigurationName = Release;
		};
		413722A71EE0A4EB00634980 /* Build configuration list for PBXNativeTarget "TheMovieDB" */ = {
			isa = XCConfigurationList;
			buildConfigurations = (
				413722A81EE0A4EB00634980 /* Debug */,
				413722A91EE0A4EB00634980 /* Release */,
			);
			defaultConfigurationIsVisible = 0;
			defaultConfigurationName = Release;
		};
		413722AA1EE0A4EB00634980 /* Build configuration list for PBXNativeTarget "TheMovieDBTests" */ = {
			isa = XCConfigurationList;
			buildConfigurations = (
				413722AB1EE0A4EB00634980 /* Debug */,
				413722AC1EE0A4EB00634980 /* Release */,
			);
			defaultConfigurationIsVisible = 0;
			defaultConfigurationName = Release;
		};
		413722AD1EE0A4EB00634980 /* Build configuration list for PBXNativeTarget "TheMovieDBUITests" */ = {
			isa = XCConfigurationList;
			buildConfigurations = (
				413722AE1EE0A4EB00634980 /* Debug */,
				413722AF1EE0A4EB00634980 /* Release */,
			);
			defaultConfigurationIsVisible = 0;
			defaultConfigurationName = Release;
		};
/* End XCConfigurationList section */
	};
	rootObject = 413722771EE0A4EA00634980 /* Project object */;
}
